// !$*UTF8*$!
{
	archiveVersion = 1;
	classes = {
	};
	objectVersion = 46;
	objects = {

/* Begin PBXBuildFile section */
		D011E95D1E49BE64003D76ED /* AppDelegate.swift in Sources */ = {isa = PBXBuildFile; fileRef = D011E95C1E49BE64003D76ED /* AppDelegate.swift */; };
		D011E95F1E49BE64003D76ED /* ViewController.swift in Sources */ = {isa = PBXBuildFile; fileRef = D011E95E1E49BE64003D76ED /* ViewController.swift */; };
		D011E9621E49BE64003D76ED /* Main.storyboard in Resources */ = {isa = PBXBuildFile; fileRef = D011E9601E49BE64003D76ED /* Main.storyboard */; };
		D011E9641E49BE64003D76ED /* Assets.xcassets in Resources */ = {isa = PBXBuildFile; fileRef = D011E9631E49BE64003D76ED /* Assets.xcassets */; };
		D011E9671E49BE64003D76ED /* LaunchScreen.storyboard in Resources */ = {isa = PBXBuildFile; fileRef = D011E9651E49BE64003D76ED /* LaunchScreen.storyboard */; };
		D011E9721E49BE64003D76ED /* TipsterTests.swift in Sources */ = {isa = PBXBuildFile; fileRef = D011E9711E49BE64003D76ED /* TipsterTests.swift */; };
		D011E97D1E49BE64003D76ED /* TipsterUITests.swift in Sources */ = {isa = PBXBuildFile; fileRef = D011E97C1E49BE64003D76ED /* TipsterUITests.swift */; };
/* End PBXBuildFile section */

/* Begin PBXContainerItemProxy section */
		D011E96E1E49BE64003D76ED /* PBXContainerItemProxy */ = {
			isa = PBXContainerItemProxy;
			containerPortal = D011E9511E49BE64003D76ED /* Project object */;
			proxyType = 1;
			remoteGlobalIDString = D011E9581E49BE64003D76ED;
			remoteInfo = Tipster;
		};
		D011E9791E49BE64003D76ED /* PBXContainerItemProxy */ = {
			isa = PBXContainerItemProxy;
			containerPortal = D011E9511E49BE64003D76ED /* Project object */;
			proxyType = 1;
			remoteGlobalIDString = D011E9581E49BE64003D76ED;
			remoteInfo = Tipster;
		};
/* End PBXContainerItemProxy section */

/* Begin PBXFileReference section */
		D011E9591E49BE64003D76ED /* Tipster.app */ = {isa = PBXFileReference; explicitFileType = wrapper.application; includeInIndex = 0; path = Tipster.app; sourceTree = BUILT_PRODUCTS_DIR; };
		D011E95C1E49BE64003D76ED /* AppDelegate.swift */ = {isa = PBXFileReference; lastKnownFileType = sourcecode.swift; path = AppDelegate.swift; sourceTree = "<group>"; };
		D011E95E1E49BE64003D76ED /* ViewController.swift */ = {isa = PBXFileReference; lastKnownFileType = sourcecode.swift; path = ViewController.swift; sourceTree = "<group>"; };
		D011E9611E49BE64003D76ED /* Base */ = {isa = PBXFileReference; lastKnownFileType = file.storyboard; name = Base; path = Base.lproj/Main.storyboard; sourceTree = "<group>"; };
		D011E9631E49BE64003D76ED /* Assets.xcassets */ = {isa = PBXFileReference; lastKnownFileType = folder.assetcatalog; path = Assets.xcassets; sourceTree = "<group>"; };
		D011E9661E49BE64003D76ED /* Base */ = {isa = PBXFileReference; lastKnownFileType = file.storyboard; name = Base; path = Base.lproj/LaunchScreen.storyboard; sourceTree = "<group>"; };
		D011E9681E49BE64003D76ED /* Info.plist */ = {isa = PBXFileReference; lastKnownFileType = text.plist.xml; path = Info.plist; sourceTree = "<group>"; };
		D011E96D1E49BE64003D76ED /* TipsterTests.xctest */ = {isa = PBXFileReference; explicitFileType = wrapper.cfbundle; includeInIndex = 0; path = TipsterTests.xctest; sourceTree = BUILT_PRODUCTS_DIR; };
		D011E9711E49BE64003D76ED /* TipsterTests.swift */ = {isa = PBXFileReference; lastKnownFileType = sourcecode.swift; path = TipsterTests.swift; sourceTree = "<group>"; };
		D011E9731E49BE64003D76ED /* Info.plist */ = {isa = PBXFileReference; lastKnownFileType = text.plist.xml; path = Info.plist; sourceTree = "<group>"; };
		D011E9781E49BE64003D76ED /* TipsterUITests.xctest */ = {isa = PBXFileReference; explicitFileType = wrapper.cfbundle; includeInIndex = 0; path = TipsterUITests.xctest; sourceTree = BUILT_PRODUCTS_DIR; };
		D011E97C1E49BE64003D76ED /* TipsterUITests.swift */ = {isa = PBXFileReference; lastKnownFileType = sourcecode.swift; path = TipsterUITests.swift; sourceTree = "<group>"; };
		D011E97E1E49BE64003D76ED /* Info.plist */ = {isa = PBXFileReference; lastKnownFileType = text.plist.xml; path = Info.plist; sourceTree = "<group>"; };
/* End PBXFileReference section */

/* Begin PBXFrameworksBuildPhase section */
		D011E9561E49BE64003D76ED /* Frameworks */ = {
			isa = PBXFrameworksBuildPhase;
			buildActionMask = 2147483647;
			files = (
			);
			runOnlyForDeploymentPostprocessing = 0;
		};
		D011E96A1E49BE64003D76ED /* Frameworks */ = {
			isa = PBXFrameworksBuildPhase;
			buildActionMask = 2147483647;
			files = (
			);
			runOnlyForDeploymentPostprocessing = 0;
		};
		D011E9751E49BE64003D76ED /* Frameworks */ = {
			isa = PBXFrameworksBuildPhase;
			buildActionMask = 2147483647;
			files = (
			);
			runOnlyForDeploymentPostprocessing = 0;
		};
/* End PBXFrameworksBuildPhase section */

/* Begin PBXGroup section */
		D011E9501E49BE64003D76ED = {
			isa = PBXGroup;
			children = (
				D011E95B1E49BE64003D76ED /* Tipster */,
				D011E9701E49BE64003D76ED /* TipsterTests */,
				D011E97B1E49BE64003D76ED /* TipsterUITests */,
				D011E95A1E49BE64003D76ED /* Products */,
			);
			sourceTree = "<group>";
		};
		D011E95A1E49BE64003D76ED /* Products */ = {
			isa = PBXGroup;
			children = (
				D011E9591E49BE64003D76ED /* Tipster.app */,
				D011E96D1E49BE64003D76ED /* TipsterTests.xctest */,
				D011E9781E49BE64003D76ED /* TipsterUITests.xctest */,
			);
			name = Products;
			sourceTree = "<group>";
		};
		D011E95B1E49BE64003D76ED /* Tipster */ = {
			isa = PBXGroup;
			children = (
				D011E95C1E49BE64003D76ED /* AppDelegate.swift */,
				D011E95E1E49BE64003D76ED /* ViewController.swift */,
				D011E9601E49BE64003D76ED /* Main.storyboard */,
				D011E9631E49BE64003D76ED /* Assets.xcassets */,
				D011E9651E49BE64003D76ED /* LaunchScreen.storyboard */,
				D011E9681E49BE64003D76ED /* Info.plist */,
			);
			path = Tipster;
			sourceTree = "<group>";
		};
		D011E9701E49BE64003D76ED /* TipsterTests */ = {
			isa = PBXGroup;
			children = (
				D011E9711E49BE64003D76ED /* TipsterTests.swift */,
				D011E9731E49BE64003D76ED /* Info.plist */,
			);
			path = TipsterTests;
			sourceTree = "<group>";
		};
		D011E97B1E49BE64003D76ED /* TipsterUITests */ = {
			isa = PBXGroup;
			children = (
				D011E97C1E49BE64003D76ED /* TipsterUITests.swift */,
				D011E97E1E49BE64003D76ED /* Info.plist */,
			);
			path = TipsterUITests;
			sourceTree = "<group>";
		};
/* End PBXGroup section */

/* Begin PBXNativeTarget section */
		D011E9581E49BE64003D76ED /* Tipster */ = {
			isa = PBXNativeTarget;
			buildConfigurationList = D011E9811E49BE64003D76ED /* Build configuration list for PBXNativeTarget "Tipster" */;
			buildPhases = (
				D011E9551E49BE64003D76ED /* Sources */,
				D011E9561E49BE64003D76ED /* Frameworks */,
				D011E9571E49BE64003D76ED /* Resources */,
			);
			buildRules = (
			);
			dependencies = (
			);
			name = Tipster;
			productName = Tipster;
			productReference = D011E9591E49BE64003D76ED /* Tipster.app */;
			productType = "com.apple.product-type.application";
		};
		D011E96C1E49BE64003D76ED /* TipsterTests */ = {
			isa = PBXNativeTarget;
			buildConfigurationList = D011E9841E49BE64003D76ED /* Build configuration list for PBXNativeTarget "TipsterTests" */;
			buildPhases = (
				D011E9691E49BE64003D76ED /* Sources */,
				D011E96A1E49BE64003D76ED /* Frameworks */,
				D011E96B1E49BE64003D76ED /* Resources */,
			);
			buildRules = (
			);
			dependencies = (
				D011E96F1E49BE64003D76ED /* PBXTargetDependency */,
			);
			name = TipsterTests;
			productName = TipsterTests;
			productReference = D011E96D1E49BE64003D76ED /* TipsterTests.xctest */;
			productType = "com.apple.product-type.bundle.unit-test";
		};
		D011E9771E49BE64003D76ED /* TipsterUITests */ = {
			isa = PBXNativeTarget;
			buildConfigurationList = D011E9871E49BE64003D76ED /* Build configuration list for PBXNativeTarget "TipsterUITests" */;
			buildPhases = (
				D011E9741E49BE64003D76ED /* Sources */,
				D011E9751E49BE64003D76ED /* Frameworks */,
				D011E9761E49BE64003D76ED /* Resources */,
			);
			buildRules = (
			);
			dependencies = (
				D011E97A1E49BE64003D76ED /* PBXTargetDependency */,
			);
			name = TipsterUITests;
			productName = TipsterUITests;
			productReference = D011E9781E49BE64003D76ED /* TipsterUITests.xctest */;
			productType = "com.apple.product-type.bundle.ui-testing";
		};
/* End PBXNativeTarget section */

/* Begin PBXProject section */
		D011E9511E49BE64003D76ED /* Project object */ = {
			isa = PBXProject;
			attributes = {
				LastSwiftUpdateCheck = 0710;
				LastUpgradeCheck = 0710;
				ORGANIZATIONNAME = "Divya Yadav";
				TargetAttributes = {
					D011E9581E49BE64003D76ED = {
						CreatedOnToolsVersion = 7.1.1;
					};
					D011E96C1E49BE64003D76ED = {
						CreatedOnToolsVersion = 7.1.1;
						TestTargetID = D011E9581E49BE64003D76ED;
					};
					D011E9771E49BE64003D76ED = {
						CreatedOnToolsVersion = 7.1.1;
						TestTargetID = D011E9581E49BE64003D76ED;
					};
				};
			};
			buildConfigurationList = D011E9541E49BE64003D76ED /* Build configuration list for PBXProject "Tipster" */;
			compatibilityVersion = "Xcode 3.2";
			developmentRegion = English;
			hasScannedForEncodings = 0;
			knownRegions = (
				en,
				Base,
			);
			mainGroup = D011E9501E49BE64003D76ED;
			productRefGroup = D011E95A1E49BE64003D76ED /* Products */;
			projectDirPath = "";
			projectRoot = "";
			targets = (
				D011E9581E49BE64003D76ED /* Tipster */,
				D011E96C1E49BE64003D76ED /* TipsterTests */,
				D011E9771E49BE64003D76ED /* TipsterUITests */,
			);
		};
/* End PBXProject section */

/* Begin PBXResourcesBuildPhase section */
		D011E9571E49BE64003D76ED /* Resources */ = {
			isa = PBXResourcesBuildPhase;
			buildActionMask = 2147483647;
			files = (
				D011E9671E49BE64003D76ED /* LaunchScreen.storyboard in Resources */,
				D011E9641E49BE64003D76ED /* Assets.xcassets in Resources */,
				D011E9621E49BE64003D76ED /* Main.storyboard in Resources */,
			);
			runOnlyForDeploymentPostprocessing = 0;
		};
		D011E96B1E49BE64003D76ED /* Resources */ = {
			isa = PBXResourcesBuildPhase;
			buildActionMask = 2147483647;
			files = (
			);
			runOnlyForDeploymentPostprocessing = 0;
		};
		D011E9761E49BE64003D76ED /* Resources */ = {
			isa = PBXResourcesBuildPhase;
			buildActionMask = 2147483647;
			files = (
			);
			runOnlyForDeploymentPostprocessing = 0;
		};
/* End PBXResourcesBuildPhase section */

/* Begin PBXSourcesBuildPhase section */
		D011E9551E49BE64003D76ED /* Sources */ = {
			isa = PBXSourcesBuildPhase;
			buildActionMask = 2147483647;
			files = (
				D011E95F1E49BE64003D76ED /* ViewController.swift in Sources */,
				D011E95D1E49BE64003D76ED /* AppDelegate.swift in Sources */,
			);
			runOnlyForDeploymentPostprocessing = 0;
		};
		D011E9691E49BE64003D76ED /* Sources */ = {
			isa = PBXSourcesBuildPhase;
			buildActionMask = 2147483647;
			files = (
				D011E9721E49BE64003D76ED /* TipsterTests.swift in Sources */,
			);
			runOnlyForDeploymentPostprocessing = 0;
		};
		D011E9741E49BE64003D76ED /* Sources */ = {
			isa = PBXSourcesBuildPhase;
			buildActionMask = 2147483647;
			files = (
				D011E97D1E49BE64003D76ED /* TipsterUITests.swift in Sources */,
			);
			runOnlyForDeploymentPostprocessing = 0;
		};
/* End PBXSourcesBuildPhase section */

/* Begin PBXTargetDependency section */
		D011E96F1E49BE64003D76ED /* PBXTargetDependency */ = {
			isa = PBXTargetDependency;
			target = D011E9581E49BE64003D76ED /* Tipster */;
			targetProxy = D011E96E1E49BE64003D76ED /* PBXContainerItemProxy */;
		};
		D011E97A1E49BE64003D76ED /* PBXTargetDependency */ = {
			isa = PBXTargetDependency;
			target = D011E9581E49BE64003D76ED /* Tipster */;
			targetProxy = D011E9791E49BE64003D76ED /* PBXContainerItemProxy */;
		};
/* End PBXTargetDependency section */

/* Begin PBXVariantGroup section */
		D011E9601E49BE64003D76ED /* Main.storyboard */ = {
			isa = PBXVariantGroup;
			children = (
				D011E9611E49BE64003D76ED /* Base */,
			);
			name = Main.storyboard;
			sourceTree = "<group>";
		};
		D011E9651E49BE64003D76ED /* LaunchScreen.storyboard */ = {
			isa = PBXVariantGroup;
			children = (
				D011E9661E49BE64003D76ED /* Base */,
			);
			name = LaunchScreen.storyboard;
			sourceTree = "<group>";
		};
/* End PBXVariantGroup section */

/* Begin XCBuildConfiguration section */
		D011E97F1E49BE64003D76ED /* Debug */ = {
			isa = XCBuildConfiguration;
			buildSettings = {
				ALWAYS_SEARCH_USER_PATHS = NO;
				CLANG_CXX_LANGUAGE_STANDARD = "gnu++0x";
				CLANG_CXX_LIBRARY = "libc++";
				CLANG_ENABLE_MODULES = YES;
				CLANG_ENABLE_OBJC_ARC = YES;
				CLANG_WARN_BOOL_CONVERSION = YES;
				CLANG_WARN_CONSTANT_CONVERSION = YES;
				CLANG_WARN_DIRECT_OBJC_ISA_USAGE = YES_ERROR;
				CLANG_WARN_EMPTY_BODY = YES;
				CLANG_WARN_ENUM_CONVERSION = YES;
				CLANG_WARN_INT_CONVERSION = YES;
				CLANG_WARN_OBJC_ROOT_CLASS = YES_ERROR;
				CLANG_WARN_UNREACHABLE_CODE = YES;
				CLANG_WARN__DUPLICATE_METHOD_MATCH = YES;
				"CODE_SIGN_IDENTITY[sdk=iphoneos*]" = "iPhone Developer";
				COPY_PHASE_STRIP = NO;
				DEBUG_INFORMATION_FORMAT = dwarf;
				ENABLE_STRICT_OBJC_MSGSEND = YES;
				ENABLE_TESTABILITY = YES;
				GCC_C_LANGUAGE_STANDARD = gnu99;
				GCC_DYNAMIC_NO_PIC = NO;
				GCC_NO_COMMON_BLOCKS = YES;
				GCC_OPTIMIZATION_LEVEL = 0;
				GCC_PREPROCESSOR_DEFINITIONS = (
					"DEBUG=1",
					"$(inherited)",
				);
				GCC_WARN_64_TO_32_BIT_CONVERSION = YES;
				GCC_WARN_ABOUT_RETURN_TYPE = YES_ERROR;
				GCC_WARN_UNDECLARED_SELECTOR = YES;
				GCC_WARN_UNINITIALIZED_AUTOS = YES_AGGRESSIVE;
				GCC_WARN_UNUSED_FUNCTION = YES;
				GCC_WARN_UNUSED_VARIABLE = YES;
				IPHONEOS_DEPLOYMENT_TARGET = 9.1;
				MTL_ENABLE_DEBUG_INFO = YES;
				ONLY_ACTIVE_ARCH = YES;
				SDKROOT = iphoneos;
				SWIFT_OPTIMIZATION_LEVEL = "-Onone";
			};
			name = Debug;
		};
		D011E9801E49BE64003D76ED /* Release */ = {
			isa = XCBuildConfiguration;
			buildSettings = {
				ALWAYS_SEARCH_USER_PATHS = NO;
				CLANG_CXX_LANGUAGE_STANDARD = "gnu++0x";
				CLANG_CXX_LIBRARY = "libc++";
				CLANG_ENABLE_MODULES = YES;
				CLANG_ENABLE_OBJC_ARC = YES;
				CLANG_WARN_BOOL_CONVERSION = YES;
				CLANG_WARN_CONSTANT_CONVERSION = YES;
				CLANG_WARN_DIRECT_OBJC_ISA_USAGE = YES_ERROR;
				CLANG_WARN_EMPTY_BODY = YES;
				CLANG_WARN_ENUM_CONVERSION = YES;
				CLANG_WARN_INT_CONVERSION = YES;
				CLANG_WARN_OBJC_ROOT_CLASS = YES_ERROR;
				CLANG_WARN_UNREACHABLE_CODE = YES;
				CLANG_WARN__DUPLICATE_METHOD_MATCH = YES;
				"CODE_SIGN_IDENTITY[sdk=iphoneos*]" = "iPhone Developer";
				COPY_PHASE_STRIP = NO;
				DEBUG_INFORMATION_FORMAT = "dwarf-with-dsym";
				ENABLE_NS_ASSERTIONS = NO;
				ENABLE_STRICT_OBJC_MSGSEND = YES;
				GCC_C_LANGUAGE_STANDARD = gnu99;
				GCC_NO_COMMON_BLOCKS = YES;
				GCC_WARN_64_TO_32_BIT_CONVERSION = YES;
				GCC_WARN_ABOUT_RETURN_TYPE = YES_ERROR;
				GCC_WARN_UNDECLARED_SELECTOR = YES;
				GCC_WARN_UNINITIALIZED_AUTOS = YES_AGGRESSIVE;
				GCC_WARN_UNUSED_FUNCTION = YES;
				GCC_WARN_UNUSED_VARIABLE = YES;
				IPHONEOS_DEPLOYMENT_TARGET = 9.1;
				MTL_ENABLE_DEBUG_INFO = NO;
				SDKROOT = iphoneos;
				VALIDATE_PRODUCT = YES;
			};
			name = Release;
		};
		D011E9821E49BE64003D76ED /* Debug */ = {
			isa = XCBuildConfiguration;
			buildSettings = {
				ASSETCATALOG_COMPILER_APPICON_NAME = AppIcon;
				INFOPLIST_FILE = Tipster/Info.plist;
				LD_RUNPATH_SEARCH_PATHS = "$(inherited) @executable_path/Frameworks";
				PRODUCT_BUNDLE_IDENTIFIER = com.dyadav.Tipster;
				PRODUCT_NAME = "$(TARGET_NAME)";
			};
			name = Debug;
		};
		D011E9831E49BE64003D76ED /* Release */ = {
			isa = XCBuildConfiguration;
			buildSettings = {
				ASSETCATALOG_COMPILER_APPICON_NAME = AppIcon;
				INFOPLIST_FILE = Tipster/Info.plist;
				LD_RUNPATH_SEARCH_PATHS = "$(inherited) @executable_path/Frameworks";
				PRODUCT_BUNDLE_IDENTIFIER = com.dyadav.Tipster;
				PRODUCT_NAME = "$(TARGET_NAME)";
			};
			name = Release;
		};
		D011E9851E49BE64003D76ED /* Debug */ = {
			isa = XCBuildConfiguration;
			buildSettings = {
				BUNDLE_LOADER = "$(TEST_HOST)";
				INFOPLIST_FILE = TipsterTests/Info.plist;
				LD_RUNPATH_SEARCH_PATHS = "$(inherited) @executable_path/Frameworks @loader_path/Frameworks";
				PRODUCT_BUNDLE_IDENTIFIER = com.dyadav.TipsterTests;
				PRODUCT_NAME = "$(TARGET_NAME)";
				TEST_HOST = "$(BUILT_PRODUCTS_DIR)/Tipster.app/Tipster";
			};
			name = Debug;
		};
		D011E9861E49BE64003D76ED /* Release */ = {
			isa = XCBuildConfiguration;
			buildSettings = {
				BUNDLE_LOADER = "$(TEST_HOST)";
				INFOPLIST_FILE = TipsterTests/Info.plist;
				LD_RUNPATH_SEARCH_PATHS = "$(inherited) @executable_path/Frameworks @loader_path/Frameworks";
				PRODUCT_BUNDLE_IDENTIFIER = com.dyadav.TipsterTests;
				PRODUCT_NAME = "$(TARGET_NAME)";
				TEST_HOST = "$(BUILT_PRODUCTS_DIR)/Tipster.app/Tipster";
			};
			name = Release;
		};
		D011E9881E49BE64003D76ED /* Debug */ = {
			isa = XCBuildConfiguration;
			buildSettings = {
				INFOPLIST_FILE = TipsterUITests/Info.plist;
				LD_RUNPATH_SEARCH_PATHS = "$(inherited) @executable_path/Frameworks @loader_path/Frameworks";
				PRODUCT_BUNDLE_IDENTIFIER = com.dyadav.TipsterUITests;
				PRODUCT_NAME = "$(TARGET_NAME)";
				TEST_TARGET_NAME = Tipster;
				USES_XCTRUNNER = YES;
			};
			name = Debug;
		};
		D011E9891E49BE64003D76ED /* Release */ = {
			isa = XCBuildConfiguration;
			buildSettings = {
				INFOPLIST_FILE = TipsterUITests/Info.plist;
				LD_RUNPATH_SEARCH_PATHS = "$(inherited) @executable_path/Frameworks @loader_path/Frameworks";
				PRODUCT_BUNDLE_IDENTIFIER = com.dyadav.TipsterUITests;
				PRODUCT_NAME = "$(TARGET_NAME)";
				TEST_TARGET_NAME = Tipster;
				USES_XCTRUNNER = YES;
			};
			name = Release;
		};
/* End XCBuildConfiguration section */

/* Begin XCConfigurationList section */
		D011E9541E49BE64003D76ED /* Build configuration list for PBXProject "Tipster" */ = {
			isa = XCConfigurationList;
			buildConfigurations = (
				D011E97F1E49BE64003D76ED /* Debug */,
				D011E9801E49BE64003D76ED /* Release */,
			);
			defaultConfigurationIsVisible = 0;
			defaultConfigurationName = Release;
		};
		D011E9811E49BE64003D76ED /* Build configuration list for PBXNativeTarget "Tipster" */ = {
			isa = XCConfigurationList;
			buildConfigurations = (
				D011E9821E49BE64003D76ED /* Debug */,
				D011E9831E49BE64003D76ED /* Release */,
			);
			defaultConfigurationIsVisible = 0;
		};
		D011E9841E49BE64003D76ED /* Build configuration list for PBXNativeTarget "TipsterTests" */ = {
			isa = XCConfigurationList;
			buildConfigurations = (
				D011E9851E49BE64003D76ED /* Debug */,
				D011E9861E49BE64003D76ED /* Release */,
			);
			defaultConfigurationIsVisible = 0;
		};
		D011E9871E49BE64003D76ED /* Build configuration list for PBXNativeTarget "TipsterUITests" */ = {
			isa = XCConfigurationList;
			buildConfigurations = (
				D011E9881E49BE64003D76ED /* Debug */,
				D011E9891E49BE64003D76ED /* Release */,
			);
			defaultConfigurationIsVisible = 0;
		};
/* End XCConfigurationList section */
	};
	rootObject = D011E9511E49BE64003D76ED /* Project object */;
}
